// !$*UTF8*$!
{
	archiveVersion = 1;
	classes = {
	};
	objectVersion = 55;
	objects = {

/* Begin PBXBuildFile section */
		986E89C32B93BC4700E15023 /* AppDelegate.swift in Sources */ = {isa = PBXBuildFile; fileRef = 986E89C22B93BC4700E15023 /* AppDelegate.swift */; };
		986E89C72B93BC4700E15023 /* ViewController.swift in Sources */ = {isa = PBXBuildFile; fileRef = 986E89C62B93BC4700E15023 /* ViewController.swift */; };
		986E89CC2B93BC4900E15023 /* Assets.xcassets in Resources */ = {isa = PBXBuildFile; fileRef = 986E89CB2B93BC4900E15023 /* Assets.xcassets */; };
		986E89CF2B93BC4900E15023 /* LaunchScreen.storyboard in Resources */ = {isa = PBXBuildFile; fileRef = 986E89CD2B93BC4900E15023 /* LaunchScreen.storyboard */; };
		986E89D72B93BCFC00E15023 /* book.swift in Sources */ = {isa = PBXBuildFile; fileRef = 986E89D62B93BCFC00E15023 /* book.swift */; };
		986E89DF2B93CFA700E15023 /* BooksResponse.swift in Sources */ = {isa = PBXBuildFile; fileRef = 986E89DE2B93CFA700E15023 /* BooksResponse.swift */; };
		986E8A032B961E3100E15023 /* BookService.swift in Sources */ = {isa = PBXBuildFile; fileRef = 986E8A022B961E3100E15023 /* BookService.swift */; };
		986E8A052B96229900E15023 /* BooksViewController.swift in Sources */ = {isa = PBXBuildFile; fileRef = 986E8A042B96229900E15023 /* BooksViewController.swift */; };
		986E8A9A2B9746A500E15023 /* BooksCustomCell.swift in Sources */ = {isa = PBXBuildFile; fileRef = 986E8A992B9746A500E15023 /* BooksCustomCell.swift */; };
		98B9DCD82B98B3E30088E4BB /* Moya in Frameworks */ = {isa = PBXBuildFile; productRef = 98B9DCD72B98B3E30088E4BB /* Moya */; };
/* End PBXBuildFile section */

/* Begin PBXFileReference section */
		986E89BF2B93BC4700E15023 /* mymymymymymy.app */ = {isa = PBXFileReference; explicitFileType = wrapper.application; includeInIndex = 0; path = mymymymymymy.app; sourceTree = BUILT_PRODUCTS_DIR; };
		986E89C22B93BC4700E15023 /* AppDelegate.swift */ = {isa = PBXFileReference; lastKnownFileType = sourcecode.swift; path = AppDelegate.swift; sourceTree = "<group>"; };
		986E89C62B93BC4700E15023 /* ViewController.swift */ = {isa = PBXFileReference; lastKnownFileType = sourcecode.swift; path = ViewController.swift; sourceTree = "<group>"; };
		986E89CB2B93BC4900E15023 /* Assets.xcassets */ = {isa = PBXFileReference; lastKnownFileType = folder.assetcatalog; path = Assets.xcassets; sourceTree = "<group>"; };
		986E89CE2B93BC4900E15023 /* Base */ = {isa = PBXFileReference; lastKnownFileType = file.storyboard; name = Base; path = Base.lproj/LaunchScreen.storyboard; sourceTree = "<group>"; };
		986E89D02B93BC4900E15023 /* Info.plist */ = {isa = PBXFileReference; lastKnownFileType = text.plist.xml; path = Info.plist; sourceTree = "<group>"; };
		986E89D62B93BCFC00E15023 /* book.swift */ = {isa = PBXFileReference; lastKnownFileType = sourcecode.swift; path = book.swift; sourceTree = "<group>"; };
		986E89DE2B93CFA700E15023 /* BooksResponse.swift */ = {isa = PBXFileReference; lastKnownFileType = sourcecode.swift; path = BooksResponse.swift; sourceTree = "<group>"; };
		986E8A022B961E3100E15023 /* BookService.swift */ = {isa = PBXFileReference; lastKnownFileType = sourcecode.swift; path = BookService.swift; sourceTree = "<group>"; };
		986E8A042B96229900E15023 /* BooksViewController.swift */ = {isa = PBXFileReference; lastKnownFileType = sourcecode.swift; path = BooksViewController.swift; sourceTree = "<group>"; };
		986E8A992B9746A500E15023 /* BooksCustomCell.swift */ = {isa = PBXFileReference; lastKnownFileType = sourcecode.swift; path = BooksCustomCell.swift; sourceTree = "<group>"; };
/* End PBXFileReference section */

/* Begin PBXFrameworksBuildPhase section */
		986E89BC2B93BC4700E15023 /* Frameworks */ = {
			isa = PBXFrameworksBuildPhase;
			buildActionMask = 2147483647;
			files = (
				98B9DCD82B98B3E30088E4BB /* Moya in Frameworks */,
			);
			runOnlyForDeploymentPostprocessing = 0;
		};
/* End PBXFrameworksBuildPhase section */

/* Begin PBXGroup section */
		986E89B62B93BC4700E15023 = {
			isa = PBXGroup;
			children = (
				986E89C12B93BC4700E15023 /* mymymymymymy */,
				986E89C02B93BC4700E15023 /* Products */,
			);
			sourceTree = "<group>";
		};
		986E89C02B93BC4700E15023 /* Products */ = {
			isa = PBXGroup;
			children = (
				986E89BF2B93BC4700E15023 /* mymymymymymy.app */,
			);
			name = Products;
			sourceTree = "<group>";
		};
		986E89C12B93BC4700E15023 /* mymymymymymy */ = {
			isa = PBXGroup;
			children = (
				986E89C22B93BC4700E15023 /* AppDelegate.swift */,
				986E89C62B93BC4700E15023 /* ViewController.swift */,
				986E89CB2B93BC4900E15023 /* Assets.xcassets */,
				986E89CD2B93BC4900E15023 /* LaunchScreen.storyboard */,
				986E89D02B93BC4900E15023 /* Info.plist */,
				986E89D62B93BCFC00E15023 /* book.swift */,
				986E89DE2B93CFA700E15023 /* BooksResponse.swift */,
				986E8A022B961E3100E15023 /* BookService.swift */,
				986E8A042B96229900E15023 /* BooksViewController.swift */,
				986E8A992B9746A500E15023 /* BooksCustomCell.swift */,
			);
			path = mymymymymymy;
			sourceTree = "<group>";
		};
/* End PBXGroup section */

/* Begin PBXNativeTarget section */
		986E89BE2B93BC4700E15023 /* mymymymymymy */ = {
			isa = PBXNativeTarget;
			buildConfigurationList = 986E89D32B93BC4900E15023 /* Build configuration list for PBXNativeTarget "mymymymymymy" */;
			buildPhases = (
				986E89BB2B93BC4700E15023 /* Sources */,
				986E89BC2B93BC4700E15023 /* Frameworks */,
				986E89BD2B93BC4700E15023 /* Resources */,
			);
			buildRules = (
			);
			dependencies = (
			);
			name = mymymymymymy;
			packageProductDependencies = (
				98B9DCD72B98B3E30088E4BB /* Moya */,
			);
			productName = mymymymymymy;
			productReference = 986E89BF2B93BC4700E15023 /* mymymymymymy.app */;
			productType = "com.apple.product-type.application";
		};
/* End PBXNativeTarget section */

/* Begin PBXProject section */
		986E89B72B93BC4700E15023 /* Project object */ = {
			isa = PBXProject;
			attributes = {
				BuildIndependentTargetsInParallel = 1;
				LastSwiftUpdateCheck = 1320;
				LastUpgradeCheck = 1320;
				TargetAttributes = {
					986E89BE2B93BC4700E15023 = {
						CreatedOnToolsVersion = 13.2;
					};
				};
			};
			buildConfigurationList = 986E89BA2B93BC4700E15023 /* Build configuration list for PBXProject "mymymymymymy" */;
			compatibilityVersion = "Xcode 13.0";
			developmentRegion = en;
			hasScannedForEncodings = 0;
			knownRegions = (
				en,
				Base,
			);
			mainGroup = 986E89B62B93BC4700E15023;
			packageReferences = (
				98B9DCD62B98B3E30088E4BB /* XCRemoteSwiftPackageReference "Moya" */,
			);
			productRefGroup = 986E89C02B93BC4700E15023 /* Products */;
			projectDirPath = "";
			projectRoot = "";
			targets = (
				986E89BE2B93BC4700E15023 /* mymymymymymy */,
			);
		};
/* End PBXProject section */

/* Begin PBXResourcesBuildPhase section */
		986E89BD2B93BC4700E15023 /* Resources */ = {
			isa = PBXResourcesBuildPhase;
			buildActionMask = 2147483647;
			files = (
				986E89CF2B93BC4900E15023 /* LaunchScreen.storyboard in Resources */,
				986E89CC2B93BC4900E15023 /* Assets.xcassets in Resources */,
			);
			runOnlyForDeploymentPostprocessing = 0;
		};
/* End PBXResourcesBuildPhase section */

/* Begin PBXSourcesBuildPhase section */
		986E89BB2B93BC4700E15023 /* Sources */ = {
			isa = PBXSourcesBuildPhase;
			buildActionMask = 2147483647;
			files = (
				986E8A9A2B9746A500E15023 /* BooksCustomCell.swift in Sources */,
				986E89C72B93BC4700E15023 /* ViewController.swift in Sources */,
				986E8A032B961E3100E15023 /* BookService.swift in Sources */,
				986E89C32B93BC4700E15023 /* AppDelegate.swift in Sources */,
				986E89DF2B93CFA700E15023 /* BooksResponse.swift in Sources */,
				986E89D72B93BCFC00E15023 /* book.swift in Sources */,
				986E8A052B96229900E15023 /* BooksViewController.swift in Sources */,
			);
			runOnlyForDeploymentPostprocessing = 0;
		};
/* End PBXSourcesBuildPhase section */

/* Begin PBXVariantGroup section */
		986E89CD2B93BC4900E15023 /* LaunchScreen.storyboard */ = {
			isa = PBXVariantGroup;
			children = (
				986E89CE2B93BC4900E15023 /* Base */,
			);
			name = LaunchScreen.storyboard;
			sourceTree = "<group>";
		};
/* End PBXVariantGroup section */

/* Begin XCBuildConfiguration section */
		986E89D12B93BC4900E15023 /* Debug */ = {
			isa = XCBuildConfiguration;
			buildSettings = {
				ALWAYS_SEARCH_USER_PATHS = NO;
				CLANG_ANALYZER_NONNULL = YES;
				CLANG_ANALYZER_NUMBER_OBJECT_CONVERSION = YES_AGGRESSIVE;
				CLANG_CXX_LANGUAGE_STANDARD = "gnu++17";
				CLANG_CXX_LIBRARY = "libc++";
				CLANG_ENABLE_MODULES = YES;
				CLANG_ENABLE_OBJC_ARC = YES;
				CLANG_ENABLE_OBJC_WEAK = YES;
				CLANG_WARN_BLOCK_CAPTURE_AUTORELEASING = YES;
				CLANG_WARN_BOOL_CONVERSION = YES;
				CLANG_WARN_COMMA = YES;
				CLANG_WARN_CONSTANT_CONVERSION = YES;
				CLANG_WARN_DEPRECATED_OBJC_IMPLEMENTATIONS = YES;
				CLANG_WARN_DIRECT_OBJC_ISA_USAGE = YES_ERROR;
				CLANG_WARN_DOCUMENTATION_COMMENTS = YES;
				CLANG_WARN_EMPTY_BODY = YES;
				CLANG_WARN_ENUM_CONVERSION = YES;
				CLANG_WARN_INFINITE_RECURSION = YES;
				CLANG_WARN_INT_CONVERSION = YES;
				CLANG_WARN_NON_LITERAL_NULL_CONVERSION = YES;
				CLANG_WARN_OBJC_IMPLICIT_RETAIN_SELF = YES;
				CLANG_WARN_OBJC_LITERAL_CONVERSION = YES;
				CLANG_WARN_OBJC_ROOT_CLASS = YES_ERROR;
				CLANG_WARN_QUOTED_INCLUDE_IN_FRAMEWORK_HEADER = YES;
				CLANG_WARN_RANGE_LOOP_ANALYSIS = YES;
				CLANG_WARN_STRICT_PROTOTYPES = YES;
				CLANG_WARN_SUSPICIOUS_MOVE = YES;
				CLANG_WARN_UNGUARDED_AVAILABILITY = YES_AGGRESSIVE;
				CLANG_WARN_UNREACHABLE_CODE = YES;
				CLANG_WARN__DUPLICATE_METHOD_MATCH = YES;
				COPY_PHASE_STRIP = NO;
				DEBUG_INFORMATION_FORMAT = dwarf;
				ENABLE_STRICT_OBJC_MSGSEND = YES;
				ENABLE_TESTABILITY = YES;
				GCC_C_LANGUAGE_STANDARD = gnu11;
				GCC_DYNAMIC_NO_PIC = NO;
				GCC_NO_COMMON_BLOCKS = YES;
				GCC_OPTIMIZATION_LEVEL = 0;
				GCC_PREPROCESSOR_DEFINITIONS = (
					"DEBUG=1",
					"$(inherited)",
				);
				GCC_WARN_64_TO_32_BIT_CONVERSION = YES;
				GCC_WARN_ABOUT_RETURN_TYPE = YES_ERROR;
				GCC_WARN_UNDECLARED_SELECTOR = YES;
				GCC_WARN_UNINITIALIZED_AUTOS = YES_AGGRESSIVE;
				GCC_WARN_UNUSED_FUNCTION = YES;
				GCC_WARN_UNUSED_VARIABLE = YES;
				IPHONEOS_DEPLOYMENT_TARGET = 15.2;
				MTL_ENABLE_DEBUG_INFO = INCLUDE_SOURCE;
				MTL_FAST_MATH = YES;
				ONLY_ACTIVE_ARCH = YES;
				SDKROOT = iphoneos;
				SWIFT_ACTIVE_COMPILATION_CONDITIONS = DEBUG;
				SWIFT_OPTIMIZATION_LEVEL = "-Onone";
			};
			name = Debug;
		};
		986E89D22B93BC4900E15023 /* Release */ = {
			isa = XCBuildConfiguration;
			buildSettings = {
				ALWAYS_SEARCH_USER_PATHS = NO;
				CLANG_ANALYZER_NONNULL = YES;
				CLANG_ANALYZER_NUMBER_OBJECT_CONVERSION = YES_AGGRESSIVE;
				CLANG_CXX_LANGUAGE_STANDARD = "gnu++17";
				CLANG_CXX_LIBRARY = "libc++";
				CLANG_ENABLE_MODULES = YES;
				CLANG_ENABLE_OBJC_ARC = YES;
				CLANG_ENABLE_OBJC_WEAK = YES;
				CLANG_WARN_BLOCK_CAPTURE_AUTORELEASING = YES;
				CLANG_WARN_BOOL_CONVERSION = YES;
				CLANG_WARN_COMMA = YES;
				CLANG_WARN_CONSTANT_CONVERSION = YES;
				CLANG_WARN_DEPRECATED_OBJC_IMPLEMENTATIONS = YES;
				CLANG_WARN_DIRECT_OBJC_ISA_USAGE = YES_ERROR;
				CLANG_WARN_DOCUMENTATION_COMMENTS = YES;
				CLANG_WARN_EMPTY_BODY = YES;
				CLANG_WARN_ENUM_CONVERSION = YES;
				CLANG_WARN_INFINITE_RECURSION = YES;
				CLANG_WARN_INT_CONVERSION = YES;
				CLANG_WARN_NON_LITERAL_NULL_CONVERSION = YES;
				CLANG_WARN_OBJC_IMPLICIT_RETAIN_SELF = YES;
				CLANG_WARN_OBJC_LITERAL_CONVERSION = YES;
				CLANG_WARN_OBJC_ROOT_CLASS = YES_ERROR;
				CLANG_WARN_QUOTED_INCLUDE_IN_FRAMEWORK_HEADER = YES;
				CLANG_WARN_RANGE_LOOP_ANALYSIS = YES;
				CLANG_WARN_STRICT_PROTOTYPES = YES;
				CLANG_WARN_SUSPICIOUS_MOVE = YES;
				CLANG_WARN_UNGUARDED_AVAILABILITY = YES_AGGRESSIVE;
				CLANG_WARN_UNREACHABLE_CODE = YES;
				CLANG_WARN__DUPLICATE_METHOD_MATCH = YES;
				COPY_PHASE_STRIP = NO;
				DEBUG_INFORMATION_FORMAT = "dwarf-with-dsym";
				ENABLE_NS_ASSERTIONS = NO;
				ENABLE_STRICT_OBJC_MSGSEND = YES;
				GCC_C_LANGUAGE_STANDARD = gnu11;
				GCC_NO_COMMON_BLOCKS = YES;
				GCC_WARN_64_TO_32_BIT_CONVERSION = YES;
				GCC_WARN_ABOUT_RETURN_TYPE = YES_ERROR;
				GCC_WARN_UNDECLARED_SELECTOR = YES;
				GCC_WARN_UNINITIALIZED_AUTOS = YES_AGGRESSIVE;
				GCC_WARN_UNUSED_FUNCTION = YES;
				GCC_WARN_UNUSED_VARIABLE = YES;
				IPHONEOS_DEPLOYMENT_TARGET = 15.2;
				MTL_ENABLE_DEBUG_INFO = NO;
				MTL_FAST_MATH = YES;
				SDKROOT = iphoneos;
				SWIFT_COMPILATION_MODE = wholemodule;
				SWIFT_OPTIMIZATION_LEVEL = "-O";
				VALIDATE_PRODUCT = YES;
			};
			name = Release;
		};
		986E89D42B93BC4900E15023 /* Debug */ = {
			isa = XCBuildConfiguration;
			buildSettings = {
				ASSETCATALOG_COMPILER_APPICON_NAME = AppIcon;
				ASSETCATALOG_COMPILER_GLOBAL_ACCENT_COLOR_NAME = AccentColor;
				CODE_SIGN_STYLE = Automatic;
				CURRENT_PROJECT_VERSION = 1;
				GENERATE_INFOPLIST_FILE = YES;
				INFOPLIST_FILE = mymymymymymy/Info.plist;
				INFOPLIST_KEY_UIApplicationSupportsIndirectInputEvents = YES;
				INFOPLIST_KEY_UILaunchStoryboardName = LaunchScreen;
				INFOPLIST_KEY_UISupportedInterfaceOrientations_iPad = "UIInterfaceOrientationPortrait UIInterfaceOrientationPortraitUpsideDown UIInterfaceOrientationLandscapeLeft UIInterfaceOrientationLandscapeRight";
				INFOPLIST_KEY_UISupportedInterfaceOrientations_iPhone = "UIInterfaceOrientationPortrait UIInterfaceOrientationLandscapeLeft UIInterfaceOrientationLandscapeRight";
				LD_RUNPATH_SEARCH_PATHS = (
					"$(inherited)",
					"@executable_path/Frameworks",
				);
				MARKETING_VERSION = 1.0;
				PRODUCT_BUNDLE_IDENTIFIER = first.here.mymymymymymy;
				PRODUCT_NAME = "$(TARGET_NAME)";
				SWIFT_EMIT_LOC_STRINGS = YES;
				SWIFT_VERSION = 5.0;
				TARGETED_DEVICE_FAMILY = "1,2";
			};
			name = Debug;
		};
		986E89D52B93BC4900E15023 /* Release */ = {
			isa = XCBuildConfiguration;
			buildSettings = {
				ASSETCATALOG_COMPILER_APPICON_NAME = AppIcon;
				ASSETCATALOG_COMPILER_GLOBAL_ACCENT_COLOR_NAME = AccentColor;
				CODE_SIGN_STYLE = Automatic;
				CURRENT_PROJECT_VERSION = 1;
				GENERATE_INFOPLIST_FILE = YES;
				INFOPLIST_FILE = mymymymymymy/Info.plist;
				INFOPLIST_KEY_UIApplicationSupportsIndirectInputEvents = YES;
				INFOPLIST_KEY_UILaunchStoryboardName = LaunchScreen;
				INFOPLIST_KEY_UISupportedInterfaceOrientations_iPad = "UIInterfaceOrientationPortrait UIInterfaceOrientationPortraitUpsideDown UIInterfaceOrientationLandscapeLeft UIInterfaceOrientationLandscapeRight";
				INFOPLIST_KEY_UISupportedInterfaceOrientations_iPhone = "UIInterfaceOrientationPortrait UIInterfaceOrientationLandscapeLeft UIInterfaceOrientationLandscapeRight";
				LD_RUNPATH_SEARCH_PATHS = (
					"$(inherited)",
					"@executable_path/Frameworks",
				);
				MARKETING_VERSION = 1.0;
				PRODUCT_BUNDLE_IDENTIFIER = first.here.mymymymymymy;
				PRODUCT_NAME = "$(TARGET_NAME)";
				SWIFT_EMIT_LOC_STRINGS = YES;
				SWIFT_VERSION = 5.0;
				TARGETED_DEVICE_FAMILY = "1,2";
			};
			name = Release;
		};
/* End XCBuildConfiguration section */

/* Begin XCConfigurationList section */
		986E89BA2B93BC4700E15023 /* Build configuration list for PBXProject "mymymymymymy" */ = {
			isa = XCConfigurationList;
			buildConfigurations = (
				986E89D12B93BC4900E15023 /* Debug */,
				986E89D22B93BC4900E15023 /* Release */,
			);
			defaultConfigurationIsVisible = 0;
			defaultConfigurationName = Release;
		};
		986E89D32B93BC4900E15023 /* Build configuration list for PBXNativeTarget "mymymymymymy" */ = {
			isa = XCConfigurationList;
			buildConfigurations = (
				986E89D42B93BC4900E15023 /* Debug */,
				986E89D52B93BC4900E15023 /* Release */,
			);
			defaultConfigurationIsVisible = 0;
			defaultConfigurationName = Release;
		};
/* End XCConfigurationList section */

/* Begin XCRemoteSwiftPackageReference section */
		98B9DCD62B98B3E30088E4BB /* XCRemoteSwiftPackageReference "Moya" */ = {
			isa = XCRemoteSwiftPackageReference;
			repositoryURL = "https://github.com/Moya/Moya.git";
			requirement = {
				branch = master;
				kind = branch;
			};
		};
/* End XCRemoteSwiftPackageReference section */

/* Begin XCSwiftPackageProductDependency section */
		98B9DCD72B98B3E30088E4BB /* Moya */ = {
			isa = XCSwiftPackageProductDependency;
			package = 98B9DCD62B98B3E30088E4BB /* XCRemoteSwiftPackageReference "Moya" */;
			productName = Moya;
		};
/* End XCSwiftPackageProductDependency section */
	};
	rootObject = 986E89B72B93BC4700E15023 /* Project object */;
}
